
Microsoft Visual Studio Solution File, Format Version 12.00
# Visual Studio Version 17
VisualStudioVersion = 17.10.35013.160
MinimumVisualStudioVersion = 10.0.40219.1
Project("{FAE04EC0-301F-11D3-BF4B-00C04F79EFBC}") = "MovieProject", "MovieProject\MovieProject.csproj", "{9AD92631-9B6E-430F-86D9-8E53839C2EE3}"
EndProject
Global
	GlobalSection(SolutionConfigurationPlatforms) = preSolution
		Debug|Any CPU = Debug|Any CPU
		Release|Any CPU = Release|Any CPU
	EndGlobalSection
	GlobalSection(ProjectConfigurationPlatforms) = postSolution
		{9AD92631-9B6E-430F-86D9-8E53839C2EE3}.Debug|Any CPU.ActiveCfg = Debug|Any CPU
		{9AD92631-9B6E-430F-86D9-8E53839C2EE3}.Debug|Any CPU.Build.0 = Debug|Any CPU
		{9AD92631-9B6E-430F-86D9-8E53839C2EE3}.Release|Any CPU.ActiveCfg = Release|Any CPU
		{9AD92631-9B6E-430F-86D9-8E53839C2EE3}.Release|Any CPU.Build.0 = Release|Any CPU
	EndGlobalSection
	GlobalSection(SolutionProperties) = preSolution
		HideSolutionNode = FALSE
	EndGlobalSection
	GlobalSection(ExtensibilityGlobals) = postSolution
		SolutionGuid = {6C3A650D-DED3-45BE-8018-02CB14FE75B3}
	EndGlobalSection
EndGlobal
